
Microsoft Visual Studio Solution File, Format Version 12.00
# Visual Studio Version 16
VisualStudioVersion = 16.0.31624.102
MinimumVisualStudioVersion = 10.0.40219.1
Project("{9A19103F-16F7-4668-BE54-9A1E7A4F7556}") = "Module3HW4", "Module3HW4\Module3HW4.csproj", "{DBB31607-8265-4766-A92A-3371454017CC}"
EndProject
Project("{2150E333-8FDC-42A3-9474-1A3956D46DE8}") = "Solution Items", "Solution Items", "{EEDDDFD7-092C-40C5-86BE-536A63727AA1}"
	ProjectSection(SolutionItems) = preProject
		.gitignore = .gitignore
		settings.ruleset = settings.ruleset
		stylecop.json = stylecop.json
	EndProjectSection
EndProject
Global
	GlobalSection(SolutionConfigurationPlatforms) = preSolution
		Debug|Any CPU = Debug|Any CPU
		Release|Any CPU = Release|Any CPU
	EndGlobalSection
	GlobalSection(ProjectConfigurationPlatforms) = postSolution
		{DBB31607-8265-4766-A92A-3371454017CC}.Debug|Any CPU.ActiveCfg = Debug|Any CPU
		{DBB31607-8265-4766-A92A-3371454017CC}.Debug|Any CPU.Build.0 = Debug|Any CPU
		{DBB31607-8265-4766-A92A-3371454017CC}.Release|Any CPU.ActiveCfg = Release|Any CPU
		{DBB31607-8265-4766-A92A-3371454017CC}.Release|Any CPU.Build.0 = Release|Any CPU
	EndGlobalSection
	GlobalSection(SolutionProperties) = preSolution
		HideSolutionNode = FALSE
	EndGlobalSection
	GlobalSection(ExtensibilityGlobals) = postSolution
		SolutionGuid = {799F40D1-87E3-48D3-86CE-D838C2FBAD79}
	EndGlobalSection
EndGlobal
